
Microsoft Visual Studio Solution File, Format Version 12.00
# Visual Studio Version 17
VisualStudioVersion = 17.4.33122.133
MinimumVisualStudioVersion = 10.0.40219.1
Project("{FAE04EC0-301F-11D3-BF4B-00C04F79EFBC}") = "SUMALINOG_FuzzyLogicGenerator", "SUMALINOG_FuzzyLogicGenerator\SUMALINOG_FuzzyLogicGenerator.csproj", "{DF9F2EFF-FBDD-4B9B-9527-6E583E6D72D5}"
EndProject
Global
	GlobalSection(SolutionConfigurationPlatforms) = preSolution
		Debug|Any CPU = Debug|Any CPU
		Release|Any CPU = Release|Any CPU
	EndGlobalSection
	GlobalSection(ProjectConfigurationPlatforms) = postSolution
		{DF9F2EFF-FBDD-4B9B-9527-6E583E6D72D5}.Debug|Any CPU.ActiveCfg = Debug|Any CPU
		{DF9F2EFF-FBDD-4B9B-9527-6E583E6D72D5}.Debug|Any CPU.Build.0 = Debug|Any CPU
		{DF9F2EFF-FBDD-4B9B-9527-6E583E6D72D5}.Release|Any CPU.ActiveCfg = Release|Any CPU
		{DF9F2EFF-FBDD-4B9B-9527-6E583E6D72D5}.Release|Any CPU.Build.0 = Release|Any CPU
	EndGlobalSection
	GlobalSection(SolutionProperties) = preSolution
		HideSolutionNode = FALSE
	EndGlobalSection
	GlobalSection(ExtensibilityGlobals) = postSolution
		SolutionGuid = {6A285BCF-A1FC-4A80-AC66-EAB6A48096E7}
	EndGlobalSection
EndGlobal
